
Microsoft Visual Studio Solution File, Format Version 12.00
# Visual Studio Version 16
VisualStudioVersion = 16.0.31911.196
MinimumVisualStudioVersion = 10.0.40219.1
Project("{9A19103F-16F7-4668-BE54-9A1E7A4F7556}") = "BacolaBackDb", "BacolaBackDb\BacolaBackDb.csproj", "{C3E0DF99-E502-4A94-B66D-509C322C8802}"
EndProject
Global
	GlobalSection(SolutionConfigurationPlatforms) = preSolution
		Debug|Any CPU = Debug|Any CPU
		Release|Any CPU = Release|Any CPU
	EndGlobalSection
	GlobalSection(ProjectConfigurationPlatforms) = postSolution
		{C3E0DF99-E502-4A94-B66D-509C322C8802}.Debug|Any CPU.ActiveCfg = Debug|Any CPU
		{C3E0DF99-E502-4A94-B66D-509C322C8802}.Debug|Any CPU.Build.0 = Debug|Any CPU
		{C3E0DF99-E502-4A94-B66D-509C322C8802}.Release|Any CPU.ActiveCfg = Release|Any CPU
		{C3E0DF99-E502-4A94-B66D-509C322C8802}.Release|Any CPU.Build.0 = Release|Any CPU
	EndGlobalSection
	GlobalSection(SolutionProperties) = preSolution
		HideSolutionNode = FALSE
	EndGlobalSection
	GlobalSection(ExtensibilityGlobals) = postSolution
		SolutionGuid = {3F6F58D5-FCEE-4690-A5C2-0724D1C67B93}
	EndGlobalSection
EndGlobal
